{
  "object": {
    "pins": [
      {
        "package": "Convenience",
        "repositoryURL": "https://github.com/maximkrouk/Convenience.git",
        "state": {
          "branch": null,
          "revision": "5ec78170f2fe3c1e58b7fc249ffaa000d523ead4",
          "version": "0.3.0"
        }
      }
    ]
  },
  "version": 1
}
